
Microsoft Visual Studio Solution File, Format Version 12.00
# Visual Studio Version 16
VisualStudioVersion = 16.0.30011.22
MinimumVisualStudioVersion = 10.0.40219.1
Project("{FAE04EC0-301F-11D3-BF4B-00C04F79EFBC}") = "Dodo.Primitives.Tools.CompareVersions", "Dodo.Primitives.Tools.CompareVersions\Dodo.Primitives.Tools.CompareVersions.csproj", "{9BD07E2C-4EAA-4FC5-8D8F-20D4EE16C4D3}"
EndProject
Global
	GlobalSection(SolutionConfigurationPlatforms) = preSolution
		Debug|Any CPU = Debug|Any CPU
		Release|Any CPU = Release|Any CPU
	EndGlobalSection
	GlobalSection(ProjectConfigurationPlatforms) = postSolution
		{9BD07E2C-4EAA-4FC5-8D8F-20D4EE16C4D3}.Debug|Any CPU.ActiveCfg = Debug|Any CPU
		{9BD07E2C-4EAA-4FC5-8D8F-20D4EE16C4D3}.Debug|Any CPU.Build.0 = Debug|Any CPU
		{9BD07E2C-4EAA-4FC5-8D8F-20D4EE16C4D3}.Release|Any CPU.ActiveCfg = Release|Any CPU
		{9BD07E2C-4EAA-4FC5-8D8F-20D4EE16C4D3}.Release|Any CPU.Build.0 = Release|Any CPU
	EndGlobalSection
	GlobalSection(SolutionProperties) = preSolution
		HideSolutionNode = FALSE
	EndGlobalSection
	GlobalSection(ExtensibilityGlobals) = postSolution
		SolutionGuid = {55D2DDB3-2AF1-424D-8F55-7C0157149A16}
	EndGlobalSection
EndGlobal
